
Microsoft Visual Studio Solution File, Format Version 12.00
# Visual Studio Version 17
VisualStudioVersion = 17.0.31903.59
MinimumVisualStudioVersion = 10.0.40219.1
Project("{2150E333-8FDC-42A3-9474-1A3956D46DE8}") = "Services", "Services", "{5854FF58-B8C5-05C6-5BF2-ACE42193F22B}"
EndProject
Project("{2150E333-8FDC-42A3-9474-1A3956D46DE8}") = "OrderService", "OrderService", "{05772A79-6677-48D6-4812-5BDCDF485F71}"
EndProject
Project("{FAE04EC0-301F-11D3-BF4B-00C04F79EFBC}") = "OrderService.API", "Services\OrderService\OrderService.API\OrderService.API.csproj", "{377373A1-59F2-4091-AD91-9D85E3260954}"
EndProject
Project("{FAE04EC0-301F-11D3-BF4B-00C04F79EFBC}") = "OrderService.Application", "Services\OrderService\OrderService.Application\OrderService.Application.csproj", "{D954266C-9B4C-4DA7-B6CF-23C124C0B3B5}"
EndProject
Project("{FAE04EC0-301F-11D3-BF4B-00C04F79EFBC}") = "OrderService.Domain", "Services\OrderService\OrderService.Domain\OrderService.Domain.csproj", "{0489B722-ED15-4E67-932E-7BEF264E3674}"
EndProject
Project("{FAE04EC0-301F-11D3-BF4B-00C04F79EFBC}") = "OrderService.Infrastructure", "Services\OrderService\OrderService.Infrastructure\OrderService.Infrastructure.csproj", "{212D1C48-715F-406D-8BCA-04A87A50AB96}"
EndProject
Project("{2150E333-8FDC-42A3-9474-1A3956D46DE8}") = "PaymentService", "PaymentService", "{C37F6A99-4F64-C411-A3CA-5C94B414AB7E}"
EndProject
Project("{FAE04EC0-301F-11D3-BF4B-00C04F79EFBC}") = "PaymentService.API", "Services\PaymentService\PaymentService.API\PaymentService.API.csproj", "{4C1EB293-0D55-4092-9530-8FD4A0FBA399}"
EndProject
Project("{FAE04EC0-301F-11D3-BF4B-00C04F79EFBC}") = "PaymentService.Application", "Services\PaymentService\PaymentService.Application\PaymentService.Application.csproj", "{241F47DD-5627-4491-A7EF-EE0DAEEA17C3}"
EndProject
Project("{FAE04EC0-301F-11D3-BF4B-00C04F79EFBC}") = "PaymentService.Domain", "Services\PaymentService\PaymentService.Domain\PaymentService.Domain.csproj", "{00805F7A-9B07-4BF1-9AF2-7EB9F283800D}"
EndProject
Project("{FAE04EC0-301F-11D3-BF4B-00C04F79EFBC}") = "PaymentService.Infrastructure", "Services\PaymentService\PaymentService.Infrastructure\PaymentService.Infrastructure.csproj", "{6C46CBE5-12C6-4729-8EE5-91F469F69C0F}"
EndProject
Global
	GlobalSection(SolutionConfigurationPlatforms) = preSolution
		Debug|Any CPU = Debug|Any CPU
		Debug|x64 = Debug|x64
		Debug|x86 = Debug|x86
		Release|Any CPU = Release|Any CPU
		Release|x64 = Release|x64
		Release|x86 = Release|x86
	EndGlobalSection
	GlobalSection(ProjectConfigurationPlatforms) = postSolution
		{377373A1-59F2-4091-AD91-9D85E3260954}.Debug|Any CPU.ActiveCfg = Debug|Any CPU
		{377373A1-59F2-4091-AD91-9D85E3260954}.Debug|Any CPU.Build.0 = Debug|Any CPU
		{377373A1-59F2-4091-AD91-9D85E3260954}.Debug|x64.ActiveCfg = Debug|Any CPU
		{377373A1-59F2-4091-AD91-9D85E3260954}.Debug|x64.Build.0 = Debug|Any CPU
		{377373A1-59F2-4091-AD91-9D85E3260954}.Debug|x86.ActiveCfg = Debug|Any CPU
		{377373A1-59F2-4091-AD91-9D85E3260954}.Debug|x86.Build.0 = Debug|Any CPU
		{377373A1-59F2-4091-AD91-9D85E3260954}.Release|Any CPU.ActiveCfg = Release|Any CPU
		{377373A1-59F2-4091-AD91-9D85E3260954}.Release|Any CPU.Build.0 = Release|Any CPU
		{377373A1-59F2-4091-AD91-9D85E3260954}.Release|x64.ActiveCfg = Release|Any CPU
		{377373A1-59F2-4091-AD91-9D85E3260954}.Release|x64.Build.0 = Release|Any CPU
		{377373A1-59F2-4091-AD91-9D85E3260954}.Release|x86.ActiveCfg = Release|Any CPU
		{377373A1-59F2-4091-AD91-9D85E3260954}.Release|x86.Build.0 = Release|Any CPU
		{D954266C-9B4C-4DA7-B6CF-23C124C0B3B5}.Debug|Any CPU.ActiveCfg = Debug|Any CPU
		{D954266C-9B4C-4DA7-B6CF-23C124C0B3B5}.Debug|Any CPU.Build.0 = Debug|Any CPU
		{D954266C-9B4C-4DA7-B6CF-23C124C0B3B5}.Debug|x64.ActiveCfg = Debug|Any CPU
		{D954266C-9B4C-4DA7-B6CF-23C124C0B3B5}.Debug|x64.Build.0 = Debug|Any CPU
		{D954266C-9B4C-4DA7-B6CF-23C124C0B3B5}.Debug|x86.ActiveCfg = Debug|Any CPU
		{D954266C-9B4C-4DA7-B6CF-23C124C0B3B5}.Debug|x86.Build.0 = Debug|Any CPU
		{D954266C-9B4C-4DA7-B6CF-23C124C0B3B5}.Release|Any CPU.ActiveCfg = Release|Any CPU
		{D954266C-9B4C-4DA7-B6CF-23C124C0B3B5}.Release|Any CPU.Build.0 = Release|Any CPU
		{D954266C-9B4C-4DA7-B6CF-23C124C0B3B5}.Release|x64.ActiveCfg = Release|Any CPU
		{D954266C-9B4C-4DA7-B6CF-23C124C0B3B5}.Release|x64.Build.0 = Release|Any CPU
		{D954266C-9B4C-4DA7-B6CF-23C124C0B3B5}.Release|x86.ActiveCfg = Release|Any CPU
		{D954266C-9B4C-4DA7-B6CF-23C124C0B3B5}.Release|x86.Build.0 = Release|Any CPU
		{0489B722-ED15-4E67-932E-7BEF264E3674}.Debug|Any CPU.ActiveCfg = Debug|Any CPU
		{0489B722-ED15-4E67-932E-7BEF264E3674}.Debug|Any CPU.Build.0 = Debug|Any CPU
		{0489B722-ED15-4E67-932E-7BEF264E3674}.Debug|x64.ActiveCfg = Debug|Any CPU
		{0489B722-ED15-4E67-932E-7BEF264E3674}.Debug|x64.Build.0 = Debug|Any CPU
		{0489B722-ED15-4E67-932E-7BEF264E3674}.Debug|x86.ActiveCfg = Debug|Any CPU
		{0489B722-ED15-4E67-932E-7BEF264E3674}.Debug|x86.Build.0 = Debug|Any CPU
		{0489B722-ED15-4E67-932E-7BEF264E3674}.Release|Any CPU.ActiveCfg = Release|Any CPU
		{0489B722-ED15-4E67-932E-7BEF264E3674}.Release|Any CPU.Build.0 = Release|Any CPU
		{0489B722-ED15-4E67-932E-7BEF264E3674}.Release|x64.ActiveCfg = Release|Any CPU
		{0489B722-ED15-4E67-932E-7BEF264E3674}.Release|x64.Build.0 = Release|Any CPU
		{0489B722-ED15-4E67-932E-7BEF264E3674}.Release|x86.ActiveCfg = Release|Any CPU
		{0489B722-ED15-4E67-932E-7BEF264E3674}.Release|x86.Build.0 = Release|Any CPU
		{212D1C48-715F-406D-8BCA-04A87A50AB96}.Debug|Any CPU.ActiveCfg = Debug|Any CPU
		{212D1C48-715F-406D-8BCA-04A87A50AB96}.Debug|Any CPU.Build.0 = Debug|Any CPU
		{212D1C48-715F-406D-8BCA-04A87A50AB96}.Debug|x64.ActiveCfg = Debug|Any CPU
		{212D1C48-715F-406D-8BCA-04A87A50AB96}.Debug|x64.Build.0 = Debug|Any CPU
		{212D1C48-715F-406D-8BCA-04A87A50AB96}.Debug|x86.ActiveCfg = Debug|Any CPU
		{212D1C48-715F-406D-8BCA-04A87A50AB96}.Debug|x86.Build.0 = Debug|Any CPU
		{212D1C48-715F-406D-8BCA-04A87A50AB96}.Release|Any CPU.ActiveCfg = Release|Any CPU
		{212D1C48-715F-406D-8BCA-04A87A50AB96}.Release|Any CPU.Build.0 = Release|Any CPU
		{212D1C48-715F-406D-8BCA-04A87A50AB96}.Release|x64.ActiveCfg = Release|Any CPU
		{212D1C48-715F-406D-8BCA-04A87A50AB96}.Release|x64.Build.0 = Release|Any CPU
		{212D1C48-715F-406D-8BCA-04A87A50AB96}.Release|x86.ActiveCfg = Release|Any CPU
		{212D1C48-715F-406D-8BCA-04A87A50AB96}.Release|x86.Build.0 = Release|Any CPU
		{4C1EB293-0D55-4092-9530-8FD4A0FBA399}.Debug|Any CPU.ActiveCfg = Debug|Any CPU
		{4C1EB293-0D55-4092-9530-8FD4A0FBA399}.Debug|Any CPU.Build.0 = Debug|Any CPU
		{4C1EB293-0D55-4092-9530-8FD4A0FBA399}.Debug|x64.ActiveCfg = Debug|Any CPU
		{4C1EB293-0D55-4092-9530-8FD4A0FBA399}.Debug|x64.Build.0 = Debug|Any CPU
		{4C1EB293-0D55-4092-9530-8FD4A0FBA399}.Debug|x86.ActiveCfg = Debug|Any CPU
		{4C1EB293-0D55-4092-9530-8FD4A0FBA399}.Debug|x86.Build.0 = Debug|Any CPU
		{4C1EB293-0D55-4092-9530-8FD4A0FBA399}.Release|Any CPU.ActiveCfg = Release|Any CPU
		{4C1EB293-0D55-4092-9530-8FD4A0FBA399}.Release|Any CPU.Build.0 = Release|Any CPU
		{4C1EB293-0D55-4092-9530-8FD4A0FBA399}.Release|x64.ActiveCfg = Release|Any CPU
		{4C1EB293-0D55-4092-9530-8FD4A0FBA399}.Release|x64.Build.0 = Release|Any CPU
		{4C1EB293-0D55-4092-9530-8FD4A0FBA399}.Release|x86.ActiveCfg = Release|Any CPU
		{4C1EB293-0D55-4092-9530-8FD4A0FBA399}.Release|x86.Build.0 = Release|Any CPU
		{241F47DD-5627-4491-A7EF-EE0DAEEA17C3}.Debug|Any CPU.ActiveCfg = Debug|Any CPU
		{241F47DD-5627-4491-A7EF-EE0DAEEA17C3}.Debug|Any CPU.Build.0 = Debug|Any CPU
		{241F47DD-5627-4491-A7EF-EE0DAEEA17C3}.Debug|x64.ActiveCfg = Debug|Any CPU
		{241F47DD-5627-4491-A7EF-EE0DAEEA17C3}.Debug|x64.Build.0 = Debug|Any CPU
		{241F47DD-5627-4491-A7EF-EE0DAEEA17C3}.Debug|x86.ActiveCfg = Debug|Any CPU
		{241F47DD-5627-4491-A7EF-EE0DAEEA17C3}.Debug|x86.Build.0 = Debug|Any CPU
		{241F47DD-5627-4491-A7EF-EE0DAEEA17C3}.Release|Any CPU.ActiveCfg = Release|Any CPU
		{241F47DD-5627-4491-A7EF-EE0DAEEA17C3}.Release|Any CPU.Build.0 = Release|Any CPU
		{241F47DD-5627-4491-A7EF-EE0DAEEA17C3}.Release|x64.ActiveCfg = Release|Any CPU
		{241F47DD-5627-4491-A7EF-EE0DAEEA17C3}.Release|x64.Build.0 = Release|Any CPU
		{241F47DD-5627-4491-A7EF-EE0DAEEA17C3}.Release|x86.ActiveCfg = Release|Any CPU
		{241F47DD-5627-4491-A7EF-EE0DAEEA17C3}.Release|x86.Build.0 = Release|Any CPU
		{00805F7A-9B07-4BF1-9AF2-7EB9F283800D}.Debug|Any CPU.ActiveCfg = Debug|Any CPU
		{00805F7A-9B07-4BF1-9AF2-7EB9F283800D}.Debug|Any CPU.Build.0 = Debug|Any CPU
		{00805F7A-9B07-4BF1-9AF2-7EB9F283800D}.Debug|x64.ActiveCfg = Debug|Any CPU
		{00805F7A-9B07-4BF1-9AF2-7EB9F283800D}.Debug|x64.Build.0 = Debug|Any CPU
		{00805F7A-9B07-4BF1-9AF2-7EB9F283800D}.Debug|x86.ActiveCfg = Debug|Any CPU
		{00805F7A-9B07-4BF1-9AF2-7EB9F283800D}.Debug|x86.Build.0 = Debug|Any CPU
		{00805F7A-9B07-4BF1-9AF2-7EB9F283800D}.Release|Any CPU.ActiveCfg = Release|Any CPU
		{00805F7A-9B07-4BF1-9AF2-7EB9F283800D}.Release|Any CPU.Build.0 = Release|Any CPU
		{00805F7A-9B07-4BF1-9AF2-7EB9F283800D}.Release|x64.ActiveCfg = Release|Any CPU
		{00805F7A-9B07-4BF1-9AF2-7EB9F283800D}.Release|x64.Build.0 = Release|Any CPU
		{00805F7A-9B07-4BF1-9AF2-7EB9F283800D}.Release|x86.ActiveCfg = Release|Any CPU
		{00805F7A-9B07-4BF1-9AF2-7EB9F283800D}.Release|x86.Build.0 = Release|Any CPU
		{6C46CBE5-12C6-4729-8EE5-91F469F69C0F}.Debug|Any CPU.ActiveCfg = Debug|Any CPU
		{6C46CBE5-12C6-4729-8EE5-91F469F69C0F}.Debug|Any CPU.Build.0 = Debug|Any CPU
		{6C46CBE5-12C6-4729-8EE5-91F469F69C0F}.Debug|x64.ActiveCfg = Debug|Any CPU
		{6C46CBE5-12C6-4729-8EE5-91F469F69C0F}.Debug|x64.Build.0 = Debug|Any CPU
		{6C46CBE5-12C6-4729-8EE5-91F469F69C0F}.Debug|x86.ActiveCfg = Debug|Any CPU
		{6C46CBE5-12C6-4729-8EE5-91F469F69C0F}.Debug|x86.Build.0 = Debug|Any CPU
		{6C46CBE5-12C6-4729-8EE5-91F469F69C0F}.Release|Any CPU.ActiveCfg = Release|Any CPU
		{6C46CBE5-12C6-4729-8EE5-91F469F69C0F}.Release|Any CPU.Build.0 = Release|Any CPU
		{6C46CBE5-12C6-4729-8EE5-91F469F69C0F}.Release|x64.ActiveCfg = Release|Any CPU
		{6C46CBE5-12C6-4729-8EE5-91F469F69C0F}.Release|x64.Build.0 = Release|Any CPU
		{6C46CBE5-12C6-4729-8EE5-91F469F69C0F}.Release|x86.ActiveCfg = Release|Any CPU
		{6C46CBE5-12C6-4729-8EE5-91F469F69C0F}.Release|x86.Build.0 = Release|Any CPU
	EndGlobalSection
	GlobalSection(SolutionProperties) = preSolution
		HideSolutionNode = FALSE
	EndGlobalSection
	GlobalSection(NestedProjects) = preSolution
		{05772A79-6677-48D6-4812-5BDCDF485F71} = {5854FF58-B8C5-05C6-5BF2-ACE42193F22B}
		{377373A1-59F2-4091-AD91-9D85E3260954} = {05772A79-6677-48D6-4812-5BDCDF485F71}
		{D954266C-9B4C-4DA7-B6CF-23C124C0B3B5} = {05772A79-6677-48D6-4812-5BDCDF485F71}
		{0489B722-ED15-4E67-932E-7BEF264E3674} = {05772A79-6677-48D6-4812-5BDCDF485F71}
		{212D1C48-715F-406D-8BCA-04A87A50AB96} = {05772A79-6677-48D6-4812-5BDCDF485F71}
		{C37F6A99-4F64-C411-A3CA-5C94B414AB7E} = {5854FF58-B8C5-05C6-5BF2-ACE42193F22B}
		{4C1EB293-0D55-4092-9530-8FD4A0FBA399} = {C37F6A99-4F64-C411-A3CA-5C94B414AB7E}
		{241F47DD-5627-4491-A7EF-EE0DAEEA17C3} = {C37F6A99-4F64-C411-A3CA-5C94B414AB7E}
		{00805F7A-9B07-4BF1-9AF2-7EB9F283800D} = {C37F6A99-4F64-C411-A3CA-5C94B414AB7E}
		{6C46CBE5-12C6-4729-8EE5-91F469F69C0F} = {C37F6A99-4F64-C411-A3CA-5C94B414AB7E}
	EndGlobalSection
EndGlobal
